
Microsoft Visual Studio Solution File, Format Version 12.00
# Visual Studio Version 17
VisualStudioVersion = 17.3.32901.215
MinimumVisualStudioVersion = 10.0.40219.1
Project("{FAE04EC0-301F-11D3-BF4B-00C04F79EFBC}") = "BackgroundProcessor", "BackgroundProcessor.csproj", "{29CFE122-8BBE-483F-A40C-F77CB3E1A40E}"
EndProject
Global
	GlobalSection(SolutionConfigurationPlatforms) = preSolution
		Debug|Any CPU = Debug|Any CPU
		Release|Any CPU = Release|Any CPU
	EndGlobalSection
	GlobalSection(ProjectConfigurationPlatforms) = postSolution
		{29CFE122-8BBE-483F-A40C-F77CB3E1A40E}.Debug|Any CPU.ActiveCfg = Debug|Any CPU
		{29CFE122-8BBE-483F-A40C-F77CB3E1A40E}.Debug|Any CPU.Build.0 = Debug|Any CPU
		{29CFE122-8BBE-483F-A40C-F77CB3E1A40E}.Release|Any CPU.ActiveCfg = Release|Any CPU
		{29CFE122-8BBE-483F-A40C-F77CB3E1A40E}.Release|Any CPU.Build.0 = Release|Any CPU
	EndGlobalSection
	GlobalSection(SolutionProperties) = preSolution
		HideSolutionNode = FALSE
	EndGlobalSection
	GlobalSection(ExtensibilityGlobals) = postSolution
		SolutionGuid = {F21E74AE-C303-4991-A6DB-2B62C88ED140}
	EndGlobalSection
EndGlobal
